
Microsoft Visual Studio Solution File, Format Version 12.00
# Visual Studio Version 17
VisualStudioVersion = 17.8.34330.188
MinimumVisualStudioVersion = 10.0.40219.1
Project("{9A19103F-16F7-4668-BE54-9A1E7A4F7556}") = "TrmrkMkFsDirsPair", ".\\TrmrkMkFsDirsPair\\TrmrkMkFsDirsPair.csproj", "{F2155A77-1705-42B0-A35D-9A8D26B8E3A3}"
EndProject
Global
	GlobalSection(SolutionConfigurationPlatforms) = preSolution
		Debug|Any CPU = Debug|Any CPU
		Release|Any CPU = Release|Any CPU
	EndGlobalSection
	GlobalSection(ProjectConfigurationPlatforms) = postSolution
		{F2155A77-1705-42B0-A35D-9A8D26B8E3A3}.Debug|Any CPU.ActiveCfg = Debug|Any CPU
		{F2155A77-1705-42B0-A35D-9A8D26B8E3A3}.Debug|Any CPU.Build.0 = Debug|Any CPU
		{F2155A77-1705-42B0-A35D-9A8D26B8E3A3}.Release|Any CPU.ActiveCfg = Release|Any CPU
		{F2155A77-1705-42B0-A35D-9A8D26B8E3A3}.Release|Any CPU.Build.0 = Release|Any CPU
	EndGlobalSection
	GlobalSection(SolutionProperties) = preSolution
		HideSolutionNode = FALSE
	EndGlobalSection
	GlobalSection(ExtensibilityGlobals) = postSolution
		SolutionGuid = {2A1D3E6C-E6E0-4058-A45F-CAE98BF23A07}
	EndGlobalSection
EndGlobal
